
Microsoft Visual Studio Solution File, Format Version 12.00
# Visual Studio Version 17
VisualStudioVersion = 17.3.32901.215
MinimumVisualStudioVersion = 10.0.40219.1
Project("{9A19103F-16F7-4668-BE54-9A1E7A4F7556}") = "Lab012", "Lab012\Lab012.csproj", "{4023529F-0D09-4876-848F-0E4616351BE8}"
EndProject
Global
	GlobalSection(SolutionConfigurationPlatforms) = preSolution
		Debug|Any CPU = Debug|Any CPU
		Release|Any CPU = Release|Any CPU
	EndGlobalSection
	GlobalSection(ProjectConfigurationPlatforms) = postSolution
		{4023529F-0D09-4876-848F-0E4616351BE8}.Debug|Any CPU.ActiveCfg = Debug|Any CPU
		{4023529F-0D09-4876-848F-0E4616351BE8}.Debug|Any CPU.Build.0 = Debug|Any CPU
		{4023529F-0D09-4876-848F-0E4616351BE8}.Release|Any CPU.ActiveCfg = Release|Any CPU
		{4023529F-0D09-4876-848F-0E4616351BE8}.Release|Any CPU.Build.0 = Release|Any CPU
	EndGlobalSection
	GlobalSection(SolutionProperties) = preSolution
		HideSolutionNode = FALSE
	EndGlobalSection
	GlobalSection(ExtensibilityGlobals) = postSolution
		SolutionGuid = {3103FCBC-6889-41A9-B638-5554DBC7C083}
	EndGlobalSection
EndGlobal
